
Microsoft Visual Studio Solution File, Format Version 12.00
# Visual Studio Version 17
VisualStudioVersion = 17.6.33815.320
MinimumVisualStudioVersion = 10.0.40219.1
Project("{FAE04EC0-301F-11D3-BF4B-00C04F79EFBC}") = "WebAppAzureSqlServer", "WebAppAzureSqlServer\WebAppAzureSqlServer.csproj", "{62CB53B2-202F-4321-9707-34871C1BA2EB}"
EndProject
Global
	GlobalSection(SolutionConfigurationPlatforms) = preSolution
		Debug|Any CPU = Debug|Any CPU
		Release|Any CPU = Release|Any CPU
	EndGlobalSection
	GlobalSection(ProjectConfigurationPlatforms) = postSolution
		{62CB53B2-202F-4321-9707-34871C1BA2EB}.Debug|Any CPU.ActiveCfg = Debug|Any CPU
		{62CB53B2-202F-4321-9707-34871C1BA2EB}.Debug|Any CPU.Build.0 = Debug|Any CPU
		{62CB53B2-202F-4321-9707-34871C1BA2EB}.Release|Any CPU.ActiveCfg = Release|Any CPU
		{62CB53B2-202F-4321-9707-34871C1BA2EB}.Release|Any CPU.Build.0 = Release|Any CPU
	EndGlobalSection
	GlobalSection(SolutionProperties) = preSolution
		HideSolutionNode = FALSE
	EndGlobalSection
	GlobalSection(ExtensibilityGlobals) = postSolution
		SolutionGuid = {0593C398-C67E-4784-9F9F-E9F256CA941D}
	EndGlobalSection
EndGlobal
